
Microsoft Visual Studio Solution File, Format Version 12.00
# Visual Studio Version 16
VisualStudioVersion = 16.0.30104.148
MinimumVisualStudioVersion = 10.0.40219.1
Project("{FAE04EC0-301F-11D3-BF4B-00C04F79EFBC}") = "styleBarber.Wep.ASP", "styleBarber.Wep.ASP\styleBarber.Wep.ASP.csproj", "{E5086816-B337-4893-9765-12D01FA15A34}"
EndProject
Global
	GlobalSection(SolutionConfigurationPlatforms) = preSolution
		Debug|Any CPU = Debug|Any CPU
		Release|Any CPU = Release|Any CPU
	EndGlobalSection
	GlobalSection(ProjectConfigurationPlatforms) = postSolution
		{E5086816-B337-4893-9765-12D01FA15A34}.Debug|Any CPU.ActiveCfg = Debug|Any CPU
		{E5086816-B337-4893-9765-12D01FA15A34}.Debug|Any CPU.Build.0 = Debug|Any CPU
		{E5086816-B337-4893-9765-12D01FA15A34}.Release|Any CPU.ActiveCfg = Release|Any CPU
		{E5086816-B337-4893-9765-12D01FA15A34}.Release|Any CPU.Build.0 = Release|Any CPU
	EndGlobalSection
	GlobalSection(SolutionProperties) = preSolution
		HideSolutionNode = FALSE
	EndGlobalSection
	GlobalSection(ExtensibilityGlobals) = postSolution
		SolutionGuid = {62364ADE-9774-4396-8ADA-768E81CE22E7}
	EndGlobalSection
EndGlobal
